
Microsoft Visual Studio Solution File, Format Version 12.00
# Visual Studio Version 17
VisualStudioVersion = 17.14.36121.58 d17.14
MinimumVisualStudioVersion = 10.0.40219.1
Project("{FAE04EC0-301F-11D3-BF4B-00C04F79EFBC}") = "Actividad4LengProg3", "Actividad4LengProg3\Actividad4LengProg3.csproj", "{C3938D08-07E6-4308-BC34-EF987CDF8275}"
EndProject
Global
	GlobalSection(SolutionConfigurationPlatforms) = preSolution
		Debug|Any CPU = Debug|Any CPU
		Release|Any CPU = Release|Any CPU
	EndGlobalSection
	GlobalSection(ProjectConfigurationPlatforms) = postSolution
		{C3938D08-07E6-4308-BC34-EF987CDF8275}.Debug|Any CPU.ActiveCfg = Debug|Any CPU
		{C3938D08-07E6-4308-BC34-EF987CDF8275}.Debug|Any CPU.Build.0 = Debug|Any CPU
		{C3938D08-07E6-4308-BC34-EF987CDF8275}.Release|Any CPU.ActiveCfg = Release|Any CPU
		{C3938D08-07E6-4308-BC34-EF987CDF8275}.Release|Any CPU.Build.0 = Release|Any CPU
	EndGlobalSection
	GlobalSection(SolutionProperties) = preSolution
		HideSolutionNode = FALSE
	EndGlobalSection
	GlobalSection(ExtensibilityGlobals) = postSolution
		SolutionGuid = {D4BC26A1-AB7F-4D82-973F-B5BB313172AF}
	EndGlobalSection
EndGlobal
